
Microsoft Visual Studio Solution File, Format Version 12.00
# Visual Studio Version 16
VisualStudioVersion = 16.0.31019.35
MinimumVisualStudioVersion = 10.0.40219.1
Project("{9A19103F-16F7-4668-BE54-9A1E7A4F7556}") = "eCommerce.Domain", "src\eCommerce.Domain\eCommerce.Domain.csproj", "{B99260FA-26CC-4B7C-83A7-D93F04EB683C}"
EndProject
Project("{9A19103F-16F7-4668-BE54-9A1E7A4F7556}") = "eCommerce.Application", "src\eCommerce.Application\eCommerce.Application.csproj", "{C6F24159-4A45-4F5C-8B6A-2B12F01B5C52}"
EndProject
Project("{FAE04EC0-301F-11D3-BF4B-00C04F79EFBC}") = "eCommerce.Infrastructure", "src\eCommerce.Infrastructure\eCommerce.Infrastructure.csproj", "{14B2FC2F-F7A8-4D56-9E7F-1191E6ABAE2F}"
EndProject
Project("{FAE04EC0-301F-11D3-BF4B-00C04F79EFBC}") = "eCommerce.Web", "src\eCommerce.Web\eCommerce.Web.csproj", "{D0EE72D4-B6B3-4D4B-87EE-263F56DC21C6}"
EndProject
Global
	GlobalSection(SolutionConfigurationPlatforms) = preSolution
		Debug|Any CPU = Debug|Any CPU
		Release|Any CPU = Release|Any CPU
	EndGlobalSection
	GlobalSection(ProjectConfigurationPlatforms) = postSolution
		{B99260FA-26CC-4B7C-83A7-D93F04EB683C}.Debug|Any CPU.ActiveCfg = Debug|Any CPU
		{B99260FA-26CC-4B7C-83A7-D93F04EB683C}.Debug|Any CPU.Build.0 = Debug|Any CPU
		{B99260FA-26CC-4B7C-83A7-D93F04EB683C}.Release|Any CPU.ActiveCfg = Release|Any CPU
		{B99260FA-26CC-4B7C-83A7-D93F04EB683C}.Release|Any CPU.Build.0 = Release|Any CPU
		{C6F24159-4A45-4F5C-8B6A-2B12F01B5C52}.Debug|Any CPU.ActiveCfg = Debug|Any CPU
		{C6F24159-4A45-4F5C-8B6A-2B12F01B5C52}.Debug|Any CPU.Build.0 = Debug|Any CPU
		{C6F24159-4A45-4F5C-8B6A-2B12F01B5C52}.Release|Any CPU.ActiveCfg = Release|Any CPU
		{C6F24159-4A45-4F5C-8B6A-2B12F01B5C52}.Release|Any CPU.Build.0 = Release|Any CPU
		{14B2FC2F-F7A8-4D56-9E7F-1191E6ABAE2F}.Debug|Any CPU.ActiveCfg = Debug|Any CPU
		{14B2FC2F-F7A8-4D56-9E7F-1191E6ABAE2F}.Debug|Any CPU.Build.0 = Debug|Any CPU
		{14B2FC2F-F7A8-4D56-9E7F-1191E6ABAE2F}.Release|Any CPU.ActiveCfg = Release|Any CPU
		{14B2FC2F-F7A8-4D56-9E7F-1191E6ABAE2F}.Release|Any CPU.Build.0 = Release|Any CPU
		{D0EE72D4-B6B3-4D4B-87EE-263F56DC21C6}.Debug|Any CPU.ActiveCfg = Debug|Any CPU
		{D0EE72D4-B6B3-4D4B-87EE-263F56DC21C6}.Debug|Any CPU.Build.0 = Debug|Any CPU
		{D0EE72D4-B6B3-4D4B-87EE-263F56DC21C6}.Release|Any CPU.ActiveCfg = Release|Any CPU
		{D0EE72D4-B6B3-4D4B-87EE-263F56DC21C6}.Release|Any CPU.Build.0 = Release|Any CPU
	EndGlobalSection
	GlobalSection(SolutionProperties) = preSolution
		HideSolutionNode = FALSE
	EndGlobalSection
	GlobalSection(ExtensibilityGlobals) = postSolution
		SolutionGuid = {464F7E8C-C0EA-42D6-9404-4DECC0C64DF2}
	EndGlobalSection
EndGlobal
