
Microsoft Visual Studio Solution File, Format Version 12.00
# Visual Studio Version 16
VisualStudioVersion = 16.0.31019.35
MinimumVisualStudioVersion = 10.0.40219.1
Project("{9A19103F-16F7-4668-BE54-9A1E7A4F7556}") = "eCommerce.Web", "src\eCommerce.Web\eCommerce.Web.csproj", "{D0EE72D4-B6B3-4D4B-87EE-263F56DC21C6}"
EndProject
Project("{2150E333-8FDC-42A3-9474-1A3956D46DE8}") = "src", "src", "{B829FADB-119F-4E15-AB43-BC39FB06972F}"
EndProject
Project("{2150E333-8FDC-42A3-9474-1A3956D46DE8}") = "Sales", "Sales", "{9653E75A-50F3-4E78-AF61-3F3BEB1B02C7}"
EndProject
Project("{9A19103F-16F7-4668-BE54-9A1E7A4F7556}") = "Sales.Contracts", "src\Sales\Sales.Contracts\Sales.Contracts.csproj", "{D8410CC6-D3E4-4CD8-A29F-2594DC5D65C7}"
EndProject
Project("{9A19103F-16F7-4668-BE54-9A1E7A4F7556}") = "Sales", "src\Sales\Sales\Sales.csproj", "{D7C54CB0-6B74-4706-BCAB-B814C1204667}"
EndProject
Project("{2150E333-8FDC-42A3-9474-1A3956D46DE8}") = "Shipping", "Shipping", "{48BE5096-9869-438D-A15C-A61A57C198A4}"
EndProject
Project("{2150E333-8FDC-42A3-9474-1A3956D46DE8}") = "Billing", "Billing", "{FA375CF6-E56A-4526-93D0-EFF50DDB4F86}"
EndProject
Project("{2150E333-8FDC-42A3-9474-1A3956D46DE8}") = "Warehouse", "Warehouse", "{5F97AA3B-98F1-46FC-8877-F4844512F39E}"
EndProject
Project("{9A19103F-16F7-4668-BE54-9A1E7A4F7556}") = "Billing.Contracts", "src\Billing\Billing.Contracts\Billing.Contracts.csproj", "{8073BCBB-2995-481C-A3D7-C2D5C20241CC}"
EndProject
Project("{9A19103F-16F7-4668-BE54-9A1E7A4F7556}") = "Shipping.Contracts", "src\Shipping\Shipping.Contracts\Shipping.Contracts.csproj", "{176242DB-9953-4FD4-B447-F4989C348FAD}"
EndProject
Project("{9A19103F-16F7-4668-BE54-9A1E7A4F7556}") = "Warehouse.Contracts", "src\Warehouse\Warehouse.Contracts\Warehouse.Contracts.csproj", "{36F3DFBE-413B-4798-90E7-5B50F9805410}"
EndProject
Project("{9A19103F-16F7-4668-BE54-9A1E7A4F7556}") = "Billing", "src\Billing\Billing\Billing.csproj", "{E9DFCC19-3552-4C69-88CB-9851929E742C}"
EndProject
Project("{9A19103F-16F7-4668-BE54-9A1E7A4F7556}") = "Shipping", "src\Shipping\Shipping\Shipping.csproj", "{AC13996C-1EC0-422F-8E7B-47E93240804C}"
EndProject
Project("{9A19103F-16F7-4668-BE54-9A1E7A4F7556}") = "Warehouse", "src\Warehouse\Warehouse\Warehouse.csproj", "{080303A1-FBED-4BE4-B2F1-D6D388BB4A25}"
EndProject
Project("{2150E333-8FDC-42A3-9474-1A3956D46DE8}") = "Shared", "Shared", "{BC0AA718-778E-4CE3-9F2A-1141064FADB3}"
EndProject
Project("{2150E333-8FDC-42A3-9474-1A3956D46DE8}") = "docs", "docs", "{E9887491-EC1D-4A02-8E09-C4E5E1B6B4D4}"
	ProjectSection(SolutionItems) = preProject
		templates.txt = templates.txt
	EndProjectSection
EndProject
Project("{FAE04EC0-301F-11D3-BF4B-00C04F79EFBC}") = "SharedKernel", "src\SharedKernel\SharedKernel\SharedKernel.csproj", "{9EF9F5C1-CF9F-4C1C-BF95-00F196641357}"
EndProject
Global
	GlobalSection(SolutionConfigurationPlatforms) = preSolution
		Debug|Any CPU = Debug|Any CPU
		Release|Any CPU = Release|Any CPU
	EndGlobalSection
	GlobalSection(ProjectConfigurationPlatforms) = postSolution
		{D0EE72D4-B6B3-4D4B-87EE-263F56DC21C6}.Debug|Any CPU.ActiveCfg = Debug|Any CPU
		{D0EE72D4-B6B3-4D4B-87EE-263F56DC21C6}.Debug|Any CPU.Build.0 = Debug|Any CPU
		{D0EE72D4-B6B3-4D4B-87EE-263F56DC21C6}.Release|Any CPU.ActiveCfg = Release|Any CPU
		{D0EE72D4-B6B3-4D4B-87EE-263F56DC21C6}.Release|Any CPU.Build.0 = Release|Any CPU
		{D8410CC6-D3E4-4CD8-A29F-2594DC5D65C7}.Debug|Any CPU.ActiveCfg = Debug|Any CPU
		{D8410CC6-D3E4-4CD8-A29F-2594DC5D65C7}.Debug|Any CPU.Build.0 = Debug|Any CPU
		{D8410CC6-D3E4-4CD8-A29F-2594DC5D65C7}.Release|Any CPU.ActiveCfg = Release|Any CPU
		{D8410CC6-D3E4-4CD8-A29F-2594DC5D65C7}.Release|Any CPU.Build.0 = Release|Any CPU
		{D7C54CB0-6B74-4706-BCAB-B814C1204667}.Debug|Any CPU.ActiveCfg = Debug|Any CPU
		{D7C54CB0-6B74-4706-BCAB-B814C1204667}.Debug|Any CPU.Build.0 = Debug|Any CPU
		{D7C54CB0-6B74-4706-BCAB-B814C1204667}.Release|Any CPU.ActiveCfg = Release|Any CPU
		{D7C54CB0-6B74-4706-BCAB-B814C1204667}.Release|Any CPU.Build.0 = Release|Any CPU
		{8073BCBB-2995-481C-A3D7-C2D5C20241CC}.Debug|Any CPU.ActiveCfg = Debug|Any CPU
		{8073BCBB-2995-481C-A3D7-C2D5C20241CC}.Debug|Any CPU.Build.0 = Debug|Any CPU
		{8073BCBB-2995-481C-A3D7-C2D5C20241CC}.Release|Any CPU.ActiveCfg = Release|Any CPU
		{8073BCBB-2995-481C-A3D7-C2D5C20241CC}.Release|Any CPU.Build.0 = Release|Any CPU
		{176242DB-9953-4FD4-B447-F4989C348FAD}.Debug|Any CPU.ActiveCfg = Debug|Any CPU
		{176242DB-9953-4FD4-B447-F4989C348FAD}.Debug|Any CPU.Build.0 = Debug|Any CPU
		{176242DB-9953-4FD4-B447-F4989C348FAD}.Release|Any CPU.ActiveCfg = Release|Any CPU
		{176242DB-9953-4FD4-B447-F4989C348FAD}.Release|Any CPU.Build.0 = Release|Any CPU
		{36F3DFBE-413B-4798-90E7-5B50F9805410}.Debug|Any CPU.ActiveCfg = Debug|Any CPU
		{36F3DFBE-413B-4798-90E7-5B50F9805410}.Debug|Any CPU.Build.0 = Debug|Any CPU
		{36F3DFBE-413B-4798-90E7-5B50F9805410}.Release|Any CPU.ActiveCfg = Release|Any CPU
		{36F3DFBE-413B-4798-90E7-5B50F9805410}.Release|Any CPU.Build.0 = Release|Any CPU
		{E9DFCC19-3552-4C69-88CB-9851929E742C}.Debug|Any CPU.ActiveCfg = Debug|Any CPU
		{E9DFCC19-3552-4C69-88CB-9851929E742C}.Debug|Any CPU.Build.0 = Debug|Any CPU
		{E9DFCC19-3552-4C69-88CB-9851929E742C}.Release|Any CPU.ActiveCfg = Release|Any CPU
		{E9DFCC19-3552-4C69-88CB-9851929E742C}.Release|Any CPU.Build.0 = Release|Any CPU
		{AC13996C-1EC0-422F-8E7B-47E93240804C}.Debug|Any CPU.ActiveCfg = Debug|Any CPU
		{AC13996C-1EC0-422F-8E7B-47E93240804C}.Debug|Any CPU.Build.0 = Debug|Any CPU
		{AC13996C-1EC0-422F-8E7B-47E93240804C}.Release|Any CPU.ActiveCfg = Release|Any CPU
		{AC13996C-1EC0-422F-8E7B-47E93240804C}.Release|Any CPU.Build.0 = Release|Any CPU
		{080303A1-FBED-4BE4-B2F1-D6D388BB4A25}.Debug|Any CPU.ActiveCfg = Debug|Any CPU
		{080303A1-FBED-4BE4-B2F1-D6D388BB4A25}.Debug|Any CPU.Build.0 = Debug|Any CPU
		{080303A1-FBED-4BE4-B2F1-D6D388BB4A25}.Release|Any CPU.ActiveCfg = Release|Any CPU
		{080303A1-FBED-4BE4-B2F1-D6D388BB4A25}.Release|Any CPU.Build.0 = Release|Any CPU
		{9EF9F5C1-CF9F-4C1C-BF95-00F196641357}.Debug|Any CPU.ActiveCfg = Debug|Any CPU
		{9EF9F5C1-CF9F-4C1C-BF95-00F196641357}.Debug|Any CPU.Build.0 = Debug|Any CPU
		{9EF9F5C1-CF9F-4C1C-BF95-00F196641357}.Release|Any CPU.ActiveCfg = Release|Any CPU
		{9EF9F5C1-CF9F-4C1C-BF95-00F196641357}.Release|Any CPU.Build.0 = Release|Any CPU
	EndGlobalSection
	GlobalSection(SolutionProperties) = preSolution
		HideSolutionNode = FALSE
	EndGlobalSection
	GlobalSection(NestedProjects) = preSolution
		{9653E75A-50F3-4E78-AF61-3F3BEB1B02C7} = {B829FADB-119F-4E15-AB43-BC39FB06972F}
		{D8410CC6-D3E4-4CD8-A29F-2594DC5D65C7} = {9653E75A-50F3-4E78-AF61-3F3BEB1B02C7}
		{D7C54CB0-6B74-4706-BCAB-B814C1204667} = {9653E75A-50F3-4E78-AF61-3F3BEB1B02C7}
		{48BE5096-9869-438D-A15C-A61A57C198A4} = {B829FADB-119F-4E15-AB43-BC39FB06972F}
		{FA375CF6-E56A-4526-93D0-EFF50DDB4F86} = {B829FADB-119F-4E15-AB43-BC39FB06972F}
		{5F97AA3B-98F1-46FC-8877-F4844512F39E} = {B829FADB-119F-4E15-AB43-BC39FB06972F}
		{8073BCBB-2995-481C-A3D7-C2D5C20241CC} = {FA375CF6-E56A-4526-93D0-EFF50DDB4F86}
		{176242DB-9953-4FD4-B447-F4989C348FAD} = {48BE5096-9869-438D-A15C-A61A57C198A4}
		{36F3DFBE-413B-4798-90E7-5B50F9805410} = {5F97AA3B-98F1-46FC-8877-F4844512F39E}
		{E9DFCC19-3552-4C69-88CB-9851929E742C} = {FA375CF6-E56A-4526-93D0-EFF50DDB4F86}
		{AC13996C-1EC0-422F-8E7B-47E93240804C} = {48BE5096-9869-438D-A15C-A61A57C198A4}
		{080303A1-FBED-4BE4-B2F1-D6D388BB4A25} = {5F97AA3B-98F1-46FC-8877-F4844512F39E}
		{BC0AA718-778E-4CE3-9F2A-1141064FADB3} = {B829FADB-119F-4E15-AB43-BC39FB06972F}
		{9EF9F5C1-CF9F-4C1C-BF95-00F196641357} = {BC0AA718-778E-4CE3-9F2A-1141064FADB3}
	EndGlobalSection
	GlobalSection(ExtensibilityGlobals) = postSolution
		SolutionGuid = {464F7E8C-C0EA-42D6-9404-4DECC0C64DF2}
	EndGlobalSection
EndGlobal
